PODS:
  - FunctionalSwift (1.0.5)
  - OHHTTPStubs (6.1.0):
    - OHHTTPStubs/Default (= 6.1.0)
  - OHHTTPStubs/Core (6.1.0)
  - OHHTTPStubs/Default (6.1.0):
    - OHHTTPStubs/Core
    - OHHTTPStubs/JSON
    - OHHTTPStubs/NSURLSession
    - OHHTTPStubs/OHPathHelpers
  - OHHTTPStubs/JSON (6.1.0):
    - OHHTTPStubs/Core
  - OHHTTPStubs/NSURLSession (6.1.0):
    - OHHTTPStubs/Core
  - OHHTTPStubs/OHPathHelpers (6.1.0)
  - YandexMoneyCoreApi (1.1.0):
    - FunctionalSwift (~> 1.0.5)
  - YandexMoneyTestInstrumentsApi (1.1.0):
    - FunctionalSwift (~> 1.0.0)
    - OHHTTPStubs (~> 6.1.0)
    - YandexMoneyCoreApi (~> 1.1.0)

DEPENDENCIES:
  - YandexMoneyTestInstrumentsApi (from `./`)

EXTERNAL SOURCES:
  YandexMoneyTestInstrumentsApi:
    :path: ./

SPEC CHECKSUMS:
  FunctionalSwift: 89cef31016cbc9fcdd49ec04e5831ed5f51244bb
  OHHTTPStubs: 1e21c7d2c084b8153fc53d48400d8919d2d432d0
  YandexMoneyCoreApi: bd0fb396ff1f029b8252e14f8508e965e391dc48
  YandexMoneyTestInstrumentsApi: f0a7719e78fed37fe09ca5621ff5bf9d76ae9c84

PODFILE CHECKSUM: 5d9c71645c836200eb4d982e0e02c19bebbbabea

COCOAPODS: 1.4.0
