PODS:
  - FunctionalSwift (1.1.1)
  - OHHTTPStubs (6.1.0):
    - OHHTTPStubs/Default (= 6.1.0)
  - OHHTTPStubs/Core (6.1.0)
  - OHHTTPStubs/Default (6.1.0):
    - OHHTTPStubs/Core
    - OHHTTPStubs/JSON
    - OHHTTPStubs/NSURLSession
    - OHHTTPStubs/OHPathHelpers
  - OHHTTPStubs/JSON (6.1.0):
    - OHHTTPStubs/Core
  - OHHTTPStubs/NSURLSession (6.1.0):
    - OHHTTPStubs/Core
  - OHHTTPStubs/OHPathHelpers (6.1.0)
  - YandexMoneyCoreApi (1.5.0):
    - FunctionalSwift (~> 1.1.0)
  - YandexMoneyTestInstrumentsApi (1.2.5):
    - FunctionalSwift (~> 1.1.0)
    - OHHTTPStubs (~> 6.1.0)
    - YandexMoneyCoreApi (~> 1.5.0)

DEPENDENCIES:
  - YandexMoneyTestInstrumentsApi (from `./`)

SPEC REPOS:
  https://github.com/cocoapods/specs.git:
    - FunctionalSwift
    - OHHTTPStubs
    - YandexMoneyCoreApi

EXTERNAL SOURCES:
  YandexMoneyTestInstrumentsApi:
    :path: "./"

SPEC CHECKSUMS:
  FunctionalSwift: ccb7b6b0918f3d189fa12ce1f6ba716d8053b19a
  OHHTTPStubs: 1e21c7d2c084b8153fc53d48400d8919d2d432d0
  YandexMoneyCoreApi: e806e46d284836861c523a928e39511cbdb8bfe0
  YandexMoneyTestInstrumentsApi: cd1be7a772cf890a2f1310d94f314e2549ec7c1c

PODFILE CHECKSUM: 5d9c71645c836200eb4d982e0e02c19bebbbabea

COCOAPODS: 1.5.3
