// !$*UTF8*$!
{
	archiveVersion = 1;
	classes = {
	};
	objectVersion = 52;
	objects = {

/* Begin PBXBuildFile section */
		25D274C72704DF0E00555B46 /* XCTest.framework in Frameworks */ = {isa = PBXBuildFile; fileRef = 255F2AA72704BFEB00BF4354 /* XCTest.framework */; };
		30E53A6B20338A4F00EAE5EF /* YooMoneyTestInstrumentsApi.h in Headers */ = {isa = PBXBuildFile; fileRef = 30E53A6920338A4F00EAE5EF /* YooMoneyTestInstrumentsApi.h */; settings = {ATTRIBUTES = (Public, ); }; };
		30E53A7A20338BF500EAE5EF /* YooMoneyTestInstrumentsApiTests.swift in Sources */ = {isa = PBXBuildFile; fileRef = 30E53A7920338BF500EAE5EF /* YooMoneyTestInstrumentsApiTests.swift */; };
		30E53A9C20338C4200EAE5EF /* ViewController.swift in Sources */ = {isa = PBXBuildFile; fileRef = 30E53A8B20338C3100EAE5EF /* ViewController.swift */; };
		30E53A9D20338C4200EAE5EF /* AppDelegate.swift in Sources */ = {isa = PBXBuildFile; fileRef = 30E53A8920338C3100EAE5EF /* AppDelegate.swift */; };
		30E53AA020338C4200EAE5EF /* LaunchScreen.storyboard in Resources */ = {isa = PBXBuildFile; fileRef = 30E53A9220338C3100EAE5EF /* LaunchScreen.storyboard */; };
		30E53AA120338C4200EAE5EF /* Assets.xcassets in Resources */ = {isa = PBXBuildFile; fileRef = 30E53A9020338C3100EAE5EF /* Assets.xcassets */; };
		30E53AA220338C4200EAE5EF /* Main.storyboard in Resources */ = {isa = PBXBuildFile; fileRef = 30E53A8D20338C3100EAE5EF /* Main.storyboard */; };
		3AB2FC9226A82ACA00A69DCD /* OHHTTPStubs.xcframework in Frameworks */ = {isa = PBXBuildFile; fileRef = 3AB2FC9126A82ACA00A69DCD /* OHHTTPStubs.xcframework */; };
		3AB2FC9726A82AE100A69DCD /* YooMoneyCoreApi.xcframework in Frameworks */ = {isa = PBXBuildFile; fileRef = 3AB2FC9626A82AE100A69DCD /* YooMoneyCoreApi.xcframework */; };
		3AB2FC9B26A82AF700A69DCD /* FunctionalSwift.xcframework in Frameworks */ = {isa = PBXBuildFile; fileRef = 3AB2FC9A26A82AF700A69DCD /* FunctionalSwift.xcframework */; };
		3AB2FCAA26A82BD100A69DCD /* FunctionalSwift.xcframework in Frameworks */ = {isa = PBXBuildFile; fileRef = 3AB2FC9A26A82AF700A69DCD /* FunctionalSwift.xcframework */; };
		3AB2FCAB26A82BD100A69DCD /* FunctionalSwift.xcframework in Embed Frameworks */ = {isa = PBXBuildFile; fileRef = 3AB2FC9A26A82AF700A69DCD /* FunctionalSwift.xcframework */; settings = {ATTRIBUTES = (CodeSignOnCopy, RemoveHeadersOnCopy, ); }; };
		3AB2FCAC26A82BD100A69DCD /* OHHTTPStubs.xcframework in Frameworks */ = {isa = PBXBuildFile; fileRef = 3AB2FC9126A82ACA00A69DCD /* OHHTTPStubs.xcframework */; };
		3AB2FCAD26A82BD100A69DCD /* OHHTTPStubs.xcframework in Embed Frameworks */ = {isa = PBXBuildFile; fileRef = 3AB2FC9126A82ACA00A69DCD /* OHHTTPStubs.xcframework */; settings = {ATTRIBUTES = (CodeSignOnCopy, RemoveHeadersOnCopy, ); }; };
		3AB2FCAE26A82BD100A69DCD /* YooMoneyCoreApi.xcframework in Frameworks */ = {isa = PBXBuildFile; fileRef = 3AB2FC9626A82AE100A69DCD /* YooMoneyCoreApi.xcframework */; };
		3AB2FCAF26A82BD100A69DCD /* YooMoneyCoreApi.xcframework in Embed Frameworks */ = {isa = PBXBuildFile; fileRef = 3AB2FC9626A82AE100A69DCD /* YooMoneyCoreApi.xcframework */; settings = {ATTRIBUTES = (CodeSignOnCopy, RemoveHeadersOnCopy, ); }; };
		3AB2FCB226A82C4800A69DCD /* FunctionalSwift.xcframework in Frameworks */ = {isa = PBXBuildFile; fileRef = 3AB2FC9A26A82AF700A69DCD /* FunctionalSwift.xcframework */; };
		3AB2FCB326A82C4800A69DCD /* OHHTTPStubs.xcframework in Frameworks */ = {isa = PBXBuildFile; fileRef = 3AB2FC9126A82ACA00A69DCD /* OHHTTPStubs.xcframework */; };
		3AB2FCD626A8339E00A69DCD /* YooMoneyTestInstrumentsApi.xcframework in Frameworks */ = {isa = PBXBuildFile; fileRef = 3AB2FCD526A8339E00A69DCD /* YooMoneyTestInstrumentsApi.xcframework */; };
		3AB2FCD726A8339E00A69DCD /* YooMoneyTestInstrumentsApi.xcframework in Embed Frameworks */ = {isa = PBXBuildFile; fileRef = 3AB2FCD526A8339E00A69DCD /* YooMoneyTestInstrumentsApi.xcframework */; settings = {ATTRIBUTES = (CodeSignOnCopy, RemoveHeadersOnCopy, ); }; };
		3ACB5D0D26A98565006717B3 /* EqualJsonRepresentationTests.swift in Sources */ = {isa = PBXBuildFile; fileRef = 3ACB5D0C26A98565006717B3 /* EqualJsonRepresentationTests.swift */; };
		402EB00906051386FFB10F24 /* ApiMethodTestCase.swift in Sources */ = {isa = PBXBuildFile; fileRef = 402EB404F7625DF8271E9077 /* ApiMethodTestCase.swift */; };
		402EB14686142090FBA266E7 /* MappingApiMethods.swift in Sources */ = {isa = PBXBuildFile; fileRef = 402EBA78FF713B69BBFBA326 /* MappingApiMethods.swift */; };
		402EB169E4BC8FB4F5B752C7 /* NetworkTest.swift in Sources */ = {isa = PBXBuildFile; fileRef = 402EB6FE1ECA8194654F9E66 /* NetworkTest.swift */; };
		402EB5F50E799BD63BC1F87E /* MappingApiModels.swift in Sources */ = {isa = PBXBuildFile; fileRef = 402EB9F86D7911619238A627 /* MappingApiModels.swift */; };
		402EB634590364692A18002E /* StubsResponse.swift in Sources */ = {isa = PBXBuildFile; fileRef = 402EBEAD1EA86A70FE55A163 /* StubsResponse.swift */; };
		402EB857545B15DC3591895A /* HostProvider.swift in Sources */ = {isa = PBXBuildFile; fileRef = 402EBAF38A701DBC508B91BB /* HostProvider.swift */; };
		402EBB344917124AF562D32E /* XCTest+Tools.swift in Sources */ = {isa = PBXBuildFile; fileRef = 402EB2C678E8C044A133F505 /* XCTest+Tools.swift */; };
		402EBF0ADDFB89771AACBB39 /* MappingTests.swift in Sources */ = {isa = PBXBuildFile; fileRef = 402EB4DD7C684D68C17F4CA7 /* MappingTests.swift */; };
		866DD0467267B4070DE28F52 /* PaymentMethod.swift in Sources */ = {isa = PBXBuildFile; fileRef = 866DDEEA3963A15E184CE13C /* PaymentMethod.swift */; };
		866DD188071D2B21790234CE /* PaymentMethod.json in Resources */ = {isa = PBXBuildFile; fileRef = 866DDDD23322167D7984C004 /* PaymentMethod.json */; };
		866DD760348CD2AFE534D3ED /* BankCardType.swift in Sources */ = {isa = PBXBuildFile; fileRef = 866DDA35B6576C46751C9F95 /* BankCardType.swift */; };
		866DD7ADAE0ED72A5158BFBF /* PaymentMethodType.swift in Sources */ = {isa = PBXBuildFile; fileRef = 866DD3156EF263C9C5A38B5A /* PaymentMethodType.swift */; };
		866DD941C3DF09A1C6A64E21 /* TestBundle.swift in Sources */ = {isa = PBXBuildFile; fileRef = 866DD72082AB201B23DCCE37 /* TestBundle.swift */; };
		866DDE0467A73BE7EA307BB6 /* PaymentMethodBankCard.swift in Sources */ = {isa = PBXBuildFile; fileRef = 866DDE1F4BEA05985684DBCA /* PaymentMethodBankCard.swift */; };
/* End PBXBuildFile section */

/* Begin PBXContainerItemProxy section */
		30E53A7D20338BF500EAE5EF /* PBXContainerItemProxy */ = {
			isa = PBXContainerItemProxy;
			containerPortal = 30E53A5D20338A4F00EAE5EF /* Project object */;
			proxyType = 1;
			remoteGlobalIDString = 30E53A6520338A4F00EAE5EF;
			remoteInfo = YooMoneyTestInstrumentsApi;
		};
/* End PBXContainerItemProxy section */

/* Begin PBXCopyFilesBuildPhase section */
		3AB2FCB026A82BD100A69DCD /* Embed Frameworks */ = {
			isa = PBXCopyFilesBuildPhase;
			buildActionMask = 2147483647;
			dstPath = "";
			dstSubfolderSpec = 10;
			files = (
				3AB2FCAD26A82BD100A69DCD /* OHHTTPStubs.xcframework in Embed Frameworks */,
				3AB2FCAB26A82BD100A69DCD /* FunctionalSwift.xcframework in Embed Frameworks */,
				3AB2FCD726A8339E00A69DCD /* YooMoneyTestInstrumentsApi.xcframework in Embed Frameworks */,
				3AB2FCAF26A82BD100A69DCD /* YooMoneyCoreApi.xcframework in Embed Frameworks */,
			);
			name = "Embed Frameworks";
			runOnlyForDeploymentPostprocessing = 0;
		};
/* End PBXCopyFilesBuildPhase section */

/* Begin PBXFileReference section */
		255F2AA62704BDF600BF4354 /* CHANGELOG.md */ = {isa = PBXFileReference; lastKnownFileType = net.daringfireball.markdown; path = CHANGELOG.md; sourceTree = "<group>"; };
		255F2AA72704BFEB00BF4354 /* XCTest.framework */ = {isa = PBXFileReference; lastKnownFileType = wrapper.framework; name = XCTest.framework; path = Platforms/iPhoneOS.platform/Developer/Library/Frameworks/XCTest.framework; sourceTree = DEVELOPER_DIR; };
		30564C80255C02BB000A7ED3 /* CarthageInfo.plist */ = {isa = PBXFileReference; lastKnownFileType = text.plist.xml; path = CarthageInfo.plist; sourceTree = "<group>"; };
		30E53A6620338A4F00EAE5EF /* YooMoneyTestInstrumentsApi.framework */ = {isa = PBXFileReference; explicitFileType = wrapper.framework; includeInIndex = 0; path = YooMoneyTestInstrumentsApi.framework; sourceTree = BUILT_PRODUCTS_DIR; };
		30E53A6920338A4F00EAE5EF /* YooMoneyTestInstrumentsApi.h */ = {isa = PBXFileReference; lastKnownFileType = sourcecode.c.h; path = YooMoneyTestInstrumentsApi.h; sourceTree = "<group>"; };
		30E53A6A20338A4F00EAE5EF /* Info.plist */ = {isa = PBXFileReference; lastKnownFileType = text.plist.xml; path = Info.plist; sourceTree = "<group>"; };
		30E53A7720338BF500EAE5EF /* YooMoneyTestInstrumentsApiTests.xctest */ = {isa = PBXFileReference; explicitFileType = wrapper.cfbundle; includeInIndex = 0; path = YooMoneyTestInstrumentsApiTests.xctest; sourceTree = BUILT_PRODUCTS_DIR; };
		30E53A7920338BF500EAE5EF /* YooMoneyTestInstrumentsApiTests.swift */ = {isa = PBXFileReference; lastKnownFileType = sourcecode.swift; path = YooMoneyTestInstrumentsApiTests.swift; sourceTree = "<group>"; };
		30E53A7B20338BF500EAE5EF /* Info.plist */ = {isa = PBXFileReference; lastKnownFileType = text.plist.xml; path = Info.plist; sourceTree = "<group>"; };
		30E53A8920338C3100EAE5EF /* AppDelegate.swift */ = {isa = PBXFileReference; lastKnownFileType = sourcecode.swift; path = AppDelegate.swift; sourceTree = "<group>"; };
		30E53A8B20338C3100EAE5EF /* ViewController.swift */ = {isa = PBXFileReference; lastKnownFileType = sourcecode.swift; path = ViewController.swift; sourceTree = "<group>"; };
		30E53A8E20338C3100EAE5EF /* Base */ = {isa = PBXFileReference; lastKnownFileType = file.storyboard; name = Base; path = Base.lproj/Main.storyboard; sourceTree = "<group>"; };
		30E53A9020338C3100EAE5EF /* Assets.xcassets */ = {isa = PBXFileReference; lastKnownFileType = folder.assetcatalog; path = Assets.xcassets; sourceTree = "<group>"; };
		30E53A9320338C3100EAE5EF /* Base */ = {isa = PBXFileReference; lastKnownFileType = file.storyboard; name = Base; path = Base.lproj/LaunchScreen.storyboard; sourceTree = "<group>"; };
		30E53A9520338C3100EAE5EF /* Info.plist */ = {isa = PBXFileReference; lastKnownFileType = text.plist.xml; path = Info.plist; sourceTree = "<group>"; };
		30E53AA720338C4200EAE5EF /* YooMoneyTestInstrumentsApiExampleCarthage.app */ = {isa = PBXFileReference; explicitFileType = wrapper.application; includeInIndex = 0; path = YooMoneyTestInstrumentsApiExampleCarthage.app; sourceTree = BUILT_PRODUCTS_DIR; };
		30E53AA920338C9100EAE5EF /* LICENSE */ = {isa = PBXFileReference; lastKnownFileType = text; path = LICENSE; sourceTree = "<group>"; };
		30E53AAA20338C9100EAE5EF /* Podfile */ = {isa = PBXFileReference; lastKnownFileType = text; path = Podfile; sourceTree = "<group>"; xcLanguageSpecificationIdentifier = xcode.lang.ruby; };
		30E53AAB20338C9100EAE5EF /* Cartfile */ = {isa = PBXFileReference; lastKnownFileType = text; path = Cartfile; sourceTree = "<group>"; };
		30E53AAC20338C9200EAE5EF /* Gemfile */ = {isa = PBXFileReference; lastKnownFileType = text; path = Gemfile; sourceTree = "<group>"; };
		30E53AAE20338C9200EAE5EF /* README.md */ = {isa = PBXFileReference; lastKnownFileType = net.daringfireball.markdown; path = README.md; sourceTree = "<group>"; };
		30E53AB02033945300EAE5EF /* YooMoneyTestInstrumentsApi.podspec */ = {isa = PBXFileReference; lastKnownFileType = text; path = YooMoneyTestInstrumentsApi.podspec; sourceTree = "<group>"; xcLanguageSpecificationIdentifier = xcode.lang.ruby; };
		3AB2FC9126A82ACA00A69DCD /* OHHTTPStubs.xcframework */ = {isa = PBXFileReference; lastKnownFileType = wrapper.xcframework; name = OHHTTPStubs.xcframework; path = Carthage/Build/OHHTTPStubs.xcframework; sourceTree = "<group>"; };
		3AB2FC9626A82AE100A69DCD /* YooMoneyCoreApi.xcframework */ = {isa = PBXFileReference; lastKnownFileType = wrapper.xcframework; name = YooMoneyCoreApi.xcframework; path = Carthage/Build/YooMoneyCoreApi.xcframework; sourceTree = "<group>"; };
		3AB2FC9A26A82AF700A69DCD /* FunctionalSwift.xcframework */ = {isa = PBXFileReference; lastKnownFileType = wrapper.xcframework; name = FunctionalSwift.xcframework; path = Carthage/Build/FunctionalSwift.xcframework; sourceTree = "<group>"; };
		3AB2FCD526A8339E00A69DCD /* YooMoneyTestInstrumentsApi.xcframework */ = {isa = PBXFileReference; lastKnownFileType = wrapper.xcframework; name = YooMoneyTestInstrumentsApi.xcframework; path = Carthage/Build/YooMoneyTestInstrumentsApi.xcframework; sourceTree = "<group>"; };
		3ACB5D0C26A98565006717B3 /* EqualJsonRepresentationTests.swift */ = {isa = PBXFileReference; lastKnownFileType = sourcecode.swift; path = EqualJsonRepresentationTests.swift; sourceTree = "<group>"; };
		402EB2C678E8C044A133F505 /* XCTest+Tools.swift */ = {isa = PBXFileReference; fileEncoding = 4; lastKnownFileType = sourcecode.swift; path = "XCTest+Tools.swift"; sourceTree = "<group>"; };
		402EB404F7625DF8271E9077 /* ApiMethodTestCase.swift */ = {isa = PBXFileReference; fileEncoding = 4; lastKnownFileType = sourcecode.swift; path = ApiMethodTestCase.swift; sourceTree = "<group>"; };
		402EB4DD7C684D68C17F4CA7 /* MappingTests.swift */ = {isa = PBXFileReference; fileEncoding = 4; lastKnownFileType = sourcecode.swift; path = MappingTests.swift; sourceTree = "<group>"; };
		402EB6FE1ECA8194654F9E66 /* NetworkTest.swift */ = {isa = PBXFileReference; fileEncoding = 4; lastKnownFileType = sourcecode.swift; path = NetworkTest.swift; sourceTree = "<group>"; };
		402EB9F86D7911619238A627 /* MappingApiModels.swift */ = {isa = PBXFileReference; fileEncoding = 4; lastKnownFileType = sourcecode.swift; path = MappingApiModels.swift; sourceTree = "<group>"; };
		402EBA78FF713B69BBFBA326 /* MappingApiMethods.swift */ = {isa = PBXFileReference; fileEncoding = 4; lastKnownFileType = sourcecode.swift; path = MappingApiMethods.swift; sourceTree = "<group>"; };
		402EBAF38A701DBC508B91BB /* HostProvider.swift */ = {isa = PBXFileReference; fileEncoding = 4; lastKnownFileType = sourcecode.swift; path = HostProvider.swift; sourceTree = "<group>"; };
		402EBEAD1EA86A70FE55A163 /* StubsResponse.swift */ = {isa = PBXFileReference; fileEncoding = 4; lastKnownFileType = sourcecode.swift; path = StubsResponse.swift; sourceTree = "<group>"; };
		866DD3156EF263C9C5A38B5A /* PaymentMethodType.swift */ = {isa = PBXFileReference; fileEncoding = 4; lastKnownFileType = sourcecode.swift; path = PaymentMethodType.swift; sourceTree = "<group>"; };
		866DD72082AB201B23DCCE37 /* TestBundle.swift */ = {isa = PBXFileReference; fileEncoding = 4; lastKnownFileType = sourcecode.swift; path = TestBundle.swift; sourceTree = "<group>"; };
		866DDA35B6576C46751C9F95 /* BankCardType.swift */ = {isa = PBXFileReference; fileEncoding = 4; lastKnownFileType = sourcecode.swift; path = BankCardType.swift; sourceTree = "<group>"; };
		866DDDD23322167D7984C004 /* PaymentMethod.json */ = {isa = PBXFileReference; fileEncoding = 4; lastKnownFileType = text.json; name = PaymentMethod.json; path = YooMoneyTestInstrumentsApiTests/EqualJsonRepresentation/Resourses/PaymentMethod.json; sourceTree = SOURCE_ROOT; };
		866DDE1F4BEA05985684DBCA /* PaymentMethodBankCard.swift */ = {isa = PBXFileReference; fileEncoding = 4; lastKnownFileType = sourcecode.swift; path = PaymentMethodBankCard.swift; sourceTree = "<group>"; };
		866DDEEA3963A15E184CE13C /* PaymentMethod.swift */ = {isa = PBXFileReference; fileEncoding = 4; lastKnownFileType = sourcecode.swift; path = PaymentMethod.swift; sourceTree = "<group>"; };
/* End PBXFileReference section */

/* Begin PBXFrameworksBuildPhase section */
		30E53A6220338A4F00EAE5EF /* Frameworks */ = {
			isa = PBXFrameworksBuildPhase;
			buildActionMask = 2147483647;
			files = (
				25D274C72704DF0E00555B46 /* XCTest.framework in Frameworks */,
				3AB2FC9B26A82AF700A69DCD /* FunctionalSwift.xcframework in Frameworks */,
				3AB2FC9726A82AE100A69DCD /* YooMoneyCoreApi.xcframework in Frameworks */,
				3AB2FC9226A82ACA00A69DCD /* OHHTTPStubs.xcframework in Frameworks */,
			);
			runOnlyForDeploymentPostprocessing = 0;
		};
		30E53A7420338BF500EAE5EF /* Frameworks */ = {
			isa = PBXFrameworksBuildPhase;
			buildActionMask = 2147483647;
			files = (
				3AB2FCB226A82C4800A69DCD /* FunctionalSwift.xcframework in Frameworks */,
				3AB2FCB326A82C4800A69DCD /* OHHTTPStubs.xcframework in Frameworks */,
			);
			runOnlyForDeploymentPostprocessing = 0;
		};
		30E53A9E20338C4200EAE5EF /* Frameworks */ = {
			isa = PBXFrameworksBuildPhase;
			buildActionMask = 2147483647;
			files = (
				3AB2FCAC26A82BD100A69DCD /* OHHTTPStubs.xcframework in Frameworks */,
				3AB2FCAA26A82BD100A69DCD /* FunctionalSwift.xcframework in Frameworks */,
				3AB2FCD626A8339E00A69DCD /* YooMoneyTestInstrumentsApi.xcframework in Frameworks */,
				3AB2FCAE26A82BD100A69DCD /* YooMoneyCoreApi.xcframework in Frameworks */,
			);
			runOnlyForDeploymentPostprocessing = 0;
		};
/* End PBXFrameworksBuildPhase section */

/* Begin PBXGroup section */
		30E53A5C20338A4F00EAE5EF = {
			isa = PBXGroup;
			children = (
				255F2AA62704BDF600BF4354 /* CHANGELOG.md */,
				30E53AAB20338C9100EAE5EF /* Cartfile */,
				30E53AAC20338C9200EAE5EF /* Gemfile */,
				30E53AA920338C9100EAE5EF /* LICENSE */,
				30E53AAA20338C9100EAE5EF /* Podfile */,
				30E53AAE20338C9200EAE5EF /* README.md */,
				30E53AB02033945300EAE5EF /* YooMoneyTestInstrumentsApi.podspec */,
				30E53A6820338A4F00EAE5EF /* YooMoneyTestInstrumentsApi */,
				30E53A7820338BF500EAE5EF /* YooMoneyTestInstrumentsApiTests */,
				30E53A8820338C3100EAE5EF /* YooMoneyTestInstrumentsApiExample */,
				30E53A6720338A4F00EAE5EF /* Products */,
				3E41A244D30C4963B70748E9 /* Frameworks */,
			);
			sourceTree = "<group>";
		};
		30E53A6720338A4F00EAE5EF /* Products */ = {
			isa = PBXGroup;
			children = (
				30E53A6620338A4F00EAE5EF /* YooMoneyTestInstrumentsApi.framework */,
				30E53A7720338BF500EAE5EF /* YooMoneyTestInstrumentsApiTests.xctest */,
				30E53AA720338C4200EAE5EF /* YooMoneyTestInstrumentsApiExampleCarthage.app */,
			);
			name = Products;
			sourceTree = "<group>";
		};
		30E53A6820338A4F00EAE5EF /* YooMoneyTestInstrumentsApi */ = {
			isa = PBXGroup;
			children = (
				30E53A6920338A4F00EAE5EF /* YooMoneyTestInstrumentsApi.h */,
				30E53A6A20338A4F00EAE5EF /* Info.plist */,
				402EB0FEB604428C92A2C618 /* Source */,
			);
			path = YooMoneyTestInstrumentsApi;
			sourceTree = "<group>";
		};
		30E53A7820338BF500EAE5EF /* YooMoneyTestInstrumentsApiTests */ = {
			isa = PBXGroup;
			children = (
				3ACB5D0B26A98536006717B3 /* EqualJsonRepresentation */,
				30E53A7920338BF500EAE5EF /* YooMoneyTestInstrumentsApiTests.swift */,
				30E53A7B20338BF500EAE5EF /* Info.plist */,
				866DD72082AB201B23DCCE37 /* TestBundle.swift */,
			);
			path = YooMoneyTestInstrumentsApiTests;
			sourceTree = "<group>";
		};
		30E53A8820338C3100EAE5EF /* YooMoneyTestInstrumentsApiExample */ = {
			isa = PBXGroup;
			children = (
				30E53A8920338C3100EAE5EF /* AppDelegate.swift */,
				30E53A8B20338C3100EAE5EF /* ViewController.swift */,
				30E53A8D20338C3100EAE5EF /* Main.storyboard */,
				30E53A9020338C3100EAE5EF /* Assets.xcassets */,
				30E53A9220338C3100EAE5EF /* LaunchScreen.storyboard */,
				30E53A9520338C3100EAE5EF /* Info.plist */,
				30564C80255C02BB000A7ED3 /* CarthageInfo.plist */,
			);
			path = YooMoneyTestInstrumentsApiExample;
			sourceTree = "<group>";
		};
		3ACB5D0B26A98536006717B3 /* EqualJsonRepresentation */ = {
			isa = PBXGroup;
			children = (
				3ACB5D0C26A98565006717B3 /* EqualJsonRepresentationTests.swift */,
				866DD267BE1C0A3B3799A0F5 /* Resourses */,
				866DDC37D37A1F0E875744A2 /* Models */,
			);
			path = EqualJsonRepresentation;
			sourceTree = "<group>";
		};
		3E41A244D30C4963B70748E9 /* Frameworks */ = {
			isa = PBXGroup;
			children = (
				255F2AA72704BFEB00BF4354 /* XCTest.framework */,
				3AB2FCD526A8339E00A69DCD /* YooMoneyTestInstrumentsApi.xcframework */,
				3AB2FC9A26A82AF700A69DCD /* FunctionalSwift.xcframework */,
				3AB2FC9626A82AE100A69DCD /* YooMoneyCoreApi.xcframework */,
				3AB2FC9126A82ACA00A69DCD /* OHHTTPStubs.xcframework */,
			);
			name = Frameworks;
			sourceTree = "<group>";
		};
		402EB0FEB604428C92A2C618 /* Source */ = {
			isa = PBXGroup;
			children = (
				402EB6FE1ECA8194654F9E66 /* NetworkTest.swift */,
				402EBEAD1EA86A70FE55A163 /* StubsResponse.swift */,
				402EB404F7625DF8271E9077 /* ApiMethodTestCase.swift */,
				402EB2C678E8C044A133F505 /* XCTest+Tools.swift */,
				402EBA78FF713B69BBFBA326 /* MappingApiMethods.swift */,
				402EB4DD7C684D68C17F4CA7 /* MappingTests.swift */,
				402EB9F86D7911619238A627 /* MappingApiModels.swift */,
				402EBAF38A701DBC508B91BB /* HostProvider.swift */,
			);
			path = Source;
			sourceTree = "<group>";
		};
		866DD267BE1C0A3B3799A0F5 /* Resourses */ = {
			isa = PBXGroup;
			children = (
				866DDDD23322167D7984C004 /* PaymentMethod.json */,
			);
			path = Resourses;
			sourceTree = "<group>";
		};
		866DDC37D37A1F0E875744A2 /* Models */ = {
			isa = PBXGroup;
			children = (
				866DD3156EF263C9C5A38B5A /* PaymentMethodType.swift */,
				866DDA35B6576C46751C9F95 /* BankCardType.swift */,
				866DDE1F4BEA05985684DBCA /* PaymentMethodBankCard.swift */,
				866DDEEA3963A15E184CE13C /* PaymentMethod.swift */,
			);
			path = Models;
			sourceTree = "<group>";
		};
/* End PBXGroup section */

/* Begin PBXHeadersBuildPhase section */
		30E53A6320338A4F00EAE5EF /* Headers */ = {
			isa = PBXHeadersBuildPhase;
			buildActionMask = 2147483647;
			files = (
				30E53A6B20338A4F00EAE5EF /* YooMoneyTestInstrumentsApi.h in Headers */,
			);
			runOnlyForDeploymentPostprocessing = 0;
		};
/* End PBXHeadersBuildPhase section */

/* Begin PBXNativeTarget section */
		30E53A6520338A4F00EAE5EF /* YooMoneyTestInstrumentsApi */ = {
			isa = PBXNativeTarget;
			buildConfigurationList = 30E53A6E20338A4F00EAE5EF /* Build configuration list for PBXNativeTarget "YooMoneyTestInstrumentsApi" */;
			buildPhases = (
				30E53A6120338A4F00EAE5EF /* Sources */,
				30E53A6220338A4F00EAE5EF /* Frameworks */,
				30E53A6320338A4F00EAE5EF /* Headers */,
				30E53A6420338A4F00EAE5EF /* Resources */,
			);
			buildRules = (
			);
			dependencies = (
			);
			name = YooMoneyTestInstrumentsApi;
			productName = YooMoneyTestInstrumentsApi;
			productReference = 30E53A6620338A4F00EAE5EF /* YooMoneyTestInstrumentsApi.framework */;
			productType = "com.apple.product-type.framework";
		};
		30E53A7620338BF500EAE5EF /* YooMoneyTestInstrumentsApiTests */ = {
			isa = PBXNativeTarget;
			buildConfigurationList = 30E53A7F20338BF500EAE5EF /* Build configuration list for PBXNativeTarget "YooMoneyTestInstrumentsApiTests" */;
			buildPhases = (
				30E53A7320338BF500EAE5EF /* Sources */,
				30E53A7420338BF500EAE5EF /* Frameworks */,
				30E53A7520338BF500EAE5EF /* Resources */,
			);
			buildRules = (
			);
			dependencies = (
				30E53A7E20338BF500EAE5EF /* PBXTargetDependency */,
			);
			name = YooMoneyTestInstrumentsApiTests;
			productName = YooMoneyTestInstrumentsApiTests;
			productReference = 30E53A7720338BF500EAE5EF /* YooMoneyTestInstrumentsApiTests.xctest */;
			productType = "com.apple.product-type.bundle.unit-test";
		};
		30E53A9A20338C4200EAE5EF /* YooMoneyTestInstrumentsApiExampleCarthage */ = {
			isa = PBXNativeTarget;
			buildConfigurationList = 30E53AA320338C4200EAE5EF /* Build configuration list for PBXNativeTarget "YooMoneyTestInstrumentsApiExampleCarthage" */;
			buildPhases = (
				30E53A9B20338C4200EAE5EF /* Sources */,
				30E53A9E20338C4200EAE5EF /* Frameworks */,
				30E53A9F20338C4200EAE5EF /* Resources */,
				3AB2FCB026A82BD100A69DCD /* Embed Frameworks */,
			);
			buildRules = (
			);
			dependencies = (
			);
			name = YooMoneyTestInstrumentsApiExampleCarthage;
			productName = YooMoneyTestInstrumentsApiExample;
			productReference = 30E53AA720338C4200EAE5EF /* YooMoneyTestInstrumentsApiExampleCarthage.app */;
			productType = "com.apple.product-type.application";
		};
/* End PBXNativeTarget section */

/* Begin PBXProject section */
		30E53A5D20338A4F00EAE5EF /* Project object */ = {
			isa = PBXProject;
			attributes = {
				LastSwiftUpdateCheck = 0920;
				LastUpgradeCheck = 1210;
				ORGANIZATIONNAME = YooMoney;
				TargetAttributes = {
					30E53A6520338A4F00EAE5EF = {
						CreatedOnToolsVersion = 9.2;
						DevelopmentTeam = 2752592HU5;
						LastSwiftMigration = 1030;
						ProvisioningStyle = Manual;
					};
					30E53A7620338BF500EAE5EF = {
						CreatedOnToolsVersion = 9.2;
						DevelopmentTeam = 2752592HU5;
						LastSwiftMigration = 1030;
						ProvisioningStyle = Manual;
					};
					30E53A9A20338C4200EAE5EF = {
						DevelopmentTeam = 2752592HU5;
						LastSwiftMigration = 1030;
						ProvisioningStyle = Manual;
					};
				};
			};
			buildConfigurationList = 30E53A6020338A4F00EAE5EF /* Build configuration list for PBXProject "YooMoneyTestInstrumentsApi" */;
			compatibilityVersion = "Xcode 8.0";
			developmentRegion = en;
			hasScannedForEncodings = 0;
			knownRegions = (
				en,
				Base,
			);
			mainGroup = 30E53A5C20338A4F00EAE5EF;
			productRefGroup = 30E53A6720338A4F00EAE5EF /* Products */;
			projectDirPath = "";
			projectRoot = "";
			targets = (
				30E53A6520338A4F00EAE5EF /* YooMoneyTestInstrumentsApi */,
				30E53A7620338BF500EAE5EF /* YooMoneyTestInstrumentsApiTests */,
				30E53A9A20338C4200EAE5EF /* YooMoneyTestInstrumentsApiExampleCarthage */,
			);
		};
/* End PBXProject section */

/* Begin PBXResourcesBuildPhase section */
		30E53A6420338A4F00EAE5EF /* Resources */ = {
			isa = PBXResourcesBuildPhase;
			buildActionMask = 2147483647;
			files = (
			);
			runOnlyForDeploymentPostprocessing = 0;
		};
		30E53A7520338BF500EAE5EF /* Resources */ = {
			isa = PBXResourcesBuildPhase;
			buildActionMask = 2147483647;
			files = (
				866DD188071D2B21790234CE /* PaymentMethod.json in Resources */,
			);
			runOnlyForDeploymentPostprocessing = 0;
		};
		30E53A9F20338C4200EAE5EF /* Resources */ = {
			isa = PBXResourcesBuildPhase;
			buildActionMask = 2147483647;
			files = (
				30E53AA020338C4200EAE5EF /* LaunchScreen.storyboard in Resources */,
				30E53AA120338C4200EAE5EF /* Assets.xcassets in Resources */,
				30E53AA220338C4200EAE5EF /* Main.storyboard in Resources */,
			);
			runOnlyForDeploymentPostprocessing = 0;
		};
/* End PBXResourcesBuildPhase section */

/* Begin PBXSourcesBuildPhase section */
		30E53A6120338A4F00EAE5EF /* Sources */ = {
			isa = PBXSourcesBuildPhase;
			buildActionMask = 2147483647;
			files = (
				402EB169E4BC8FB4F5B752C7 /* NetworkTest.swift in Sources */,
				402EB634590364692A18002E /* StubsResponse.swift in Sources */,
				402EB00906051386FFB10F24 /* ApiMethodTestCase.swift in Sources */,
				402EBB344917124AF562D32E /* XCTest+Tools.swift in Sources */,
				402EB14686142090FBA266E7 /* MappingApiMethods.swift in Sources */,
				402EBF0ADDFB89771AACBB39 /* MappingTests.swift in Sources */,
				402EB5F50E799BD63BC1F87E /* MappingApiModels.swift in Sources */,
				402EB857545B15DC3591895A /* HostProvider.swift in Sources */,
			);
			runOnlyForDeploymentPostprocessing = 0;
		};
		30E53A7320338BF500EAE5EF /* Sources */ = {
			isa = PBXSourcesBuildPhase;
			buildActionMask = 2147483647;
			files = (
				30E53A7A20338BF500EAE5EF /* YooMoneyTestInstrumentsApiTests.swift in Sources */,
				3ACB5D0D26A98565006717B3 /* EqualJsonRepresentationTests.swift in Sources */,
				866DD7ADAE0ED72A5158BFBF /* PaymentMethodType.swift in Sources */,
				866DD760348CD2AFE534D3ED /* BankCardType.swift in Sources */,
				866DDE0467A73BE7EA307BB6 /* PaymentMethodBankCard.swift in Sources */,
				866DD0467267B4070DE28F52 /* PaymentMethod.swift in Sources */,
				866DD941C3DF09A1C6A64E21 /* TestBundle.swift in Sources */,
			);
			runOnlyForDeploymentPostprocessing = 0;
		};
		30E53A9B20338C4200EAE5EF /* Sources */ = {
			isa = PBXSourcesBuildPhase;
			buildActionMask = 2147483647;
			files = (
				30E53A9C20338C4200EAE5EF /* ViewController.swift in Sources */,
				30E53A9D20338C4200EAE5EF /* AppDelegate.swift in Sources */,
			);
			runOnlyForDeploymentPostprocessing = 0;
		};
/* End PBXSourcesBuildPhase section */

/* Begin PBXTargetDependency section */
		30E53A7E20338BF500EAE5EF /* PBXTargetDependency */ = {
			isa = PBXTargetDependency;
			target = 30E53A6520338A4F00EAE5EF /* YooMoneyTestInstrumentsApi */;
			targetProxy = 30E53A7D20338BF500EAE5EF /* PBXContainerItemProxy */;
		};
/* End PBXTargetDependency section */

/* Begin PBXVariantGroup section */
		30E53A8D20338C3100EAE5EF /* Main.storyboard */ = {
			isa = PBXVariantGroup;
			children = (
				30E53A8E20338C3100EAE5EF /* Base */,
			);
			name = Main.storyboard;
			sourceTree = "<group>";
		};
		30E53A9220338C3100EAE5EF /* LaunchScreen.storyboard */ = {
			isa = PBXVariantGroup;
			children = (
				30E53A9320338C3100EAE5EF /* Base */,
			);
			name = LaunchScreen.storyboard;
			sourceTree = "<group>";
		};
/* End PBXVariantGroup section */

/* Begin XCBuildConfiguration section */
		30E53A6C20338A4F00EAE5EF /* Debug */ = {
			isa = XCBuildConfiguration;
			buildSettings = {
				ALWAYS_SEARCH_USER_PATHS = NO;
				BUILD_LIBRARY_FOR_DISTRIBUTION = YES;
				CLANG_ANALYZER_NONNULL = YES;
				CLANG_ANALYZER_NUMBER_OBJECT_CONVERSION = YES_AGGRESSIVE;
				CLANG_CXX_LANGUAGE_STANDARD = "gnu++14";
				CLANG_CXX_LIBRARY = "libc++";
				CLANG_ENABLE_MODULES = YES;
				CLANG_ENABLE_OBJC_ARC = YES;
				CLANG_WARN_BLOCK_CAPTURE_AUTORELEASING = YES;
				CLANG_WARN_BOOL_CONVERSION = YES;
				CLANG_WARN_COMMA = YES;
				CLANG_WARN_CONSTANT_CONVERSION = YES;
				CLANG_WARN_DEPRECATED_OBJC_IMPLEMENTATIONS = YES;
				CLANG_WARN_DIRECT_OBJC_ISA_USAGE = YES_ERROR;
				CLANG_WARN_DOCUMENTATION_COMMENTS = YES;
				CLANG_WARN_EMPTY_BODY = YES;
				CLANG_WARN_ENUM_CONVERSION = YES;
				CLANG_WARN_INFINITE_RECURSION = YES;
				CLANG_WARN_INT_CONVERSION = YES;
				CLANG_WARN_NON_LITERAL_NULL_CONVERSION = YES;
				CLANG_WARN_OBJC_IMPLICIT_RETAIN_SELF = YES;
				CLANG_WARN_OBJC_LITERAL_CONVERSION = YES;
				CLANG_WARN_OBJC_ROOT_CLASS = YES_ERROR;
				CLANG_WARN_QUOTED_INCLUDE_IN_FRAMEWORK_HEADER = YES;
				CLANG_WARN_RANGE_LOOP_ANALYSIS = YES;
				CLANG_WARN_STRICT_PROTOTYPES = YES;
				CLANG_WARN_SUSPICIOUS_MOVE = YES;
				CLANG_WARN_UNGUARDED_AVAILABILITY = YES_AGGRESSIVE;
				CLANG_WARN_UNREACHABLE_CODE = YES;
				CLANG_WARN__DUPLICATE_METHOD_MATCH = YES;
				CODE_SIGN_IDENTITY = "iPhone Developer";
				COPY_PHASE_STRIP = NO;
				CURRENT_PROJECT_VERSION = 1;
				DEBUG_INFORMATION_FORMAT = dwarf;
				ENABLE_BITCODE = NO;
				ENABLE_STRICT_OBJC_MSGSEND = YES;
				ENABLE_TESTABILITY = YES;
				ENABLE_TESTING_SEARCH_PATHS = YES;
				GCC_C_LANGUAGE_STANDARD = gnu11;
				GCC_DYNAMIC_NO_PIC = NO;
				GCC_NO_COMMON_BLOCKS = YES;
				GCC_OPTIMIZATION_LEVEL = 0;
				GCC_PREPROCESSOR_DEFINITIONS = (
					"DEBUG=1",
					"$(inherited)",
				);
				GCC_WARN_64_TO_32_BIT_CONVERSION = YES;
				GCC_WARN_ABOUT_RETURN_TYPE = YES_ERROR;
				GCC_WARN_UNDECLARED_SELECTOR = YES;
				GCC_WARN_UNINITIALIZED_AUTOS = YES_AGGRESSIVE;
				GCC_WARN_UNUSED_FUNCTION = YES;
				GCC_WARN_UNUSED_VARIABLE = YES;
				IPHONEOS_DEPLOYMENT_TARGET = 10.0;
				MTL_ENABLE_DEBUG_INFO = YES;
				ONLY_ACTIVE_ARCH = YES;
				SDKROOT = iphoneos;
				SWIFT_ACTIVE_COMPILATION_CONDITIONS = DEBUG;
				SWIFT_OPTIMIZATION_LEVEL = "-Onone";
				SWIFT_VERSION = 5.0;
				VERSIONING_SYSTEM = "apple-generic";
				VERSION_INFO_PREFIX = "";
			};
			name = Debug;
		};
		30E53A6D20338A4F00EAE5EF /* AdHoc */ = {
			isa = XCBuildConfiguration;
			buildSettings = {
				ALWAYS_SEARCH_USER_PATHS = NO;
				BUILD_LIBRARY_FOR_DISTRIBUTION = YES;
				CLANG_ANALYZER_NONNULL = YES;
				CLANG_ANALYZER_NUMBER_OBJECT_CONVERSION = YES_AGGRESSIVE;
				CLANG_CXX_LANGUAGE_STANDARD = "gnu++14";
				CLANG_CXX_LIBRARY = "libc++";
				CLANG_ENABLE_MODULES = YES;
				CLANG_ENABLE_OBJC_ARC = YES;
				CLANG_WARN_BLOCK_CAPTURE_AUTORELEASING = YES;
				CLANG_WARN_BOOL_CONVERSION = YES;
				CLANG_WARN_COMMA = YES;
				CLANG_WARN_CONSTANT_CONVERSION = YES;
				CLANG_WARN_DEPRECATED_OBJC_IMPLEMENTATIONS = YES;
				CLANG_WARN_DIRECT_OBJC_ISA_USAGE = YES_ERROR;
				CLANG_WARN_DOCUMENTATION_COMMENTS = YES;
				CLANG_WARN_EMPTY_BODY = YES;
				CLANG_WARN_ENUM_CONVERSION = YES;
				CLANG_WARN_INFINITE_RECURSION = YES;
				CLANG_WARN_INT_CONVERSION = YES;
				CLANG_WARN_NON_LITERAL_NULL_CONVERSION = YES;
				CLANG_WARN_OBJC_IMPLICIT_RETAIN_SELF = YES;
				CLANG_WARN_OBJC_LITERAL_CONVERSION = YES;
				CLANG_WARN_OBJC_ROOT_CLASS = YES_ERROR;
				CLANG_WARN_QUOTED_INCLUDE_IN_FRAMEWORK_HEADER = YES;
				CLANG_WARN_RANGE_LOOP_ANALYSIS = YES;
				CLANG_WARN_STRICT_PROTOTYPES = YES;
				CLANG_WARN_SUSPICIOUS_MOVE = YES;
				CLANG_WARN_UNGUARDED_AVAILABILITY = YES_AGGRESSIVE;
				CLANG_WARN_UNREACHABLE_CODE = YES;
				CLANG_WARN__DUPLICATE_METHOD_MATCH = YES;
				CODE_SIGN_IDENTITY = "iPhone Developer";
				COPY_PHASE_STRIP = NO;
				CURRENT_PROJECT_VERSION = 1;
				DEBUG_INFORMATION_FORMAT = "dwarf-with-dsym";
				ENABLE_BITCODE = NO;
				ENABLE_NS_ASSERTIONS = NO;
				ENABLE_STRICT_OBJC_MSGSEND = YES;
				ENABLE_TESTING_SEARCH_PATHS = YES;
				GCC_C_LANGUAGE_STANDARD = gnu11;
				GCC_NO_COMMON_BLOCKS = YES;
				GCC_WARN_64_TO_32_BIT_CONVERSION = YES;
				GCC_WARN_ABOUT_RETURN_TYPE = YES_ERROR;
				GCC_WARN_UNDECLARED_SELECTOR = YES;
				GCC_WARN_UNINITIALIZED_AUTOS = YES_AGGRESSIVE;
				GCC_WARN_UNUSED_FUNCTION = YES;
				GCC_WARN_UNUSED_VARIABLE = YES;
				IPHONEOS_DEPLOYMENT_TARGET = 10.0;
				MTL_ENABLE_DEBUG_INFO = NO;
				SDKROOT = iphoneos;
				SWIFT_COMPILATION_MODE = wholemodule;
				SWIFT_OPTIMIZATION_LEVEL = "-O";
				SWIFT_VERSION = 5.0;
				VALIDATE_PRODUCT = YES;
				VERSIONING_SYSTEM = "apple-generic";
				VERSION_INFO_PREFIX = "";
			};
			name = AdHoc;
		};
		30E53A6F20338A4F00EAE5EF /* Debug */ = {
			isa = XCBuildConfiguration;
			buildSettings = {
				CLANG_ENABLE_MODULES = YES;
				CODE_SIGN_IDENTITY = "";
				"CODE_SIGN_IDENTITY[sdk=iphoneos*]" = "iPhone Developer";
				CODE_SIGN_STYLE = Manual;
				DEFINES_MODULE = YES;
				DEVELOPMENT_TEAM = "";
				DYLIB_COMPATIBILITY_VERSION = 1;
				DYLIB_CURRENT_VERSION = 1;
				DYLIB_INSTALL_NAME_BASE = "@rpath";
				ENABLE_BITCODE = NO;
				FRAMEWORK_SEARCH_PATHS = (
					"$(inherited)",
					"$(PROJECT_DIR)/Carthage/Build",
					"$(PLATFORM_DIR)/Developer/Library/Frameworks",
				);
				INFOPLIST_FILE = YooMoneyTestInstrumentsApi/Info.plist;
				INSTALL_PATH = "$(LOCAL_LIBRARY_DIR)/Frameworks";
				LD_RUNPATH_SEARCH_PATHS = (
					"$(inherited)",
					"@executable_path/Frameworks",
					"@loader_path/Frameworks",
				);
				PRODUCT_BUNDLE_IDENTIFIER = ru.yoo.money.api.testInstruments;
				PRODUCT_NAME = "$(TARGET_NAME:c99extidentifier)";
				PROVISIONING_PROFILE_SPECIFIER = "";
				"PROVISIONING_PROFILE_SPECIFIER[sdk=macosx*]" = "";
				SKIP_INSTALL = NO;
				SWIFT_OPTIMIZATION_LEVEL = "-Onone";
				SWIFT_VERSION = 5.0;
				TARGETED_DEVICE_FAMILY = "1,2";
			};
			name = Debug;
		};
		30E53A7020338A4F00EAE5EF /* AdHoc */ = {
			isa = XCBuildConfiguration;
			buildSettings = {
				CLANG_ENABLE_MODULES = YES;
				CODE_SIGN_IDENTITY = "iPhone Distribution";
				CODE_SIGN_STYLE = Manual;
				DEFINES_MODULE = YES;
				DEVELOPMENT_TEAM = 2752592HU5;
				DYLIB_COMPATIBILITY_VERSION = 1;
				DYLIB_CURRENT_VERSION = 1;
				DYLIB_INSTALL_NAME_BASE = "@rpath";
				ENABLE_BITCODE = NO;
				FRAMEWORK_SEARCH_PATHS = (
					"$(inherited)",
					"$(PROJECT_DIR)/Carthage/Build",
					"$(PLATFORM_DIR)/Developer/Library/Frameworks",
				);
				INFOPLIST_FILE = YooMoneyTestInstrumentsApi/Info.plist;
				INSTALL_PATH = "$(LOCAL_LIBRARY_DIR)/Frameworks";
				LD_RUNPATH_SEARCH_PATHS = (
					"$(inherited)",
					"@executable_path/Frameworks",
					"@loader_path/Frameworks",
				);
				PRODUCT_BUNDLE_IDENTIFIER = ru.yoo.money.api.testInstruments;
				PRODUCT_NAME = "$(TARGET_NAME:c99extidentifier)";
				PROVISIONING_PROFILE = "";
				"PROVISIONING_PROFILE_SPECIFIER[sdk=macosx*]" = "";
				SKIP_INSTALL = NO;
				SWIFT_VERSION = 5.0;
				TARGETED_DEVICE_FAMILY = "1,2";
			};
			name = AdHoc;
		};
		30E53A7120338AB800EAE5EF /* AppStore */ = {
			isa = XCBuildConfiguration;
			buildSettings = {
				ALWAYS_SEARCH_USER_PATHS = NO;
				BUILD_LIBRARY_FOR_DISTRIBUTION = YES;
				CLANG_ANALYZER_NONNULL = YES;
				CLANG_ANALYZER_NUMBER_OBJECT_CONVERSION = YES_AGGRESSIVE;
				CLANG_CXX_LANGUAGE_STANDARD = "gnu++14";
				CLANG_CXX_LIBRARY = "libc++";
				CLANG_ENABLE_MODULES = YES;
				CLANG_ENABLE_OBJC_ARC = YES;
				CLANG_WARN_BLOCK_CAPTURE_AUTORELEASING = YES;
				CLANG_WARN_BOOL_CONVERSION = YES;
				CLANG_WARN_COMMA = YES;
				CLANG_WARN_CONSTANT_CONVERSION = YES;
				CLANG_WARN_DEPRECATED_OBJC_IMPLEMENTATIONS = YES;
				CLANG_WARN_DIRECT_OBJC_ISA_USAGE = YES_ERROR;
				CLANG_WARN_DOCUMENTATION_COMMENTS = YES;
				CLANG_WARN_EMPTY_BODY = YES;
				CLANG_WARN_ENUM_CONVERSION = YES;
				CLANG_WARN_INFINITE_RECURSION = YES;
				CLANG_WARN_INT_CONVERSION = YES;
				CLANG_WARN_NON_LITERAL_NULL_CONVERSION = YES;
				CLANG_WARN_OBJC_IMPLICIT_RETAIN_SELF = YES;
				CLANG_WARN_OBJC_LITERAL_CONVERSION = YES;
				CLANG_WARN_OBJC_ROOT_CLASS = YES_ERROR;
				CLANG_WARN_QUOTED_INCLUDE_IN_FRAMEWORK_HEADER = YES;
				CLANG_WARN_RANGE_LOOP_ANALYSIS = YES;
				CLANG_WARN_STRICT_PROTOTYPES = YES;
				CLANG_WARN_SUSPICIOUS_MOVE = YES;
				CLANG_WARN_UNGUARDED_AVAILABILITY = YES_AGGRESSIVE;
				CLANG_WARN_UNREACHABLE_CODE = YES;
				CLANG_WARN__DUPLICATE_METHOD_MATCH = YES;
				CODE_SIGN_IDENTITY = "iPhone Developer";
				COPY_PHASE_STRIP = NO;
				CURRENT_PROJECT_VERSION = 1;
				DEBUG_INFORMATION_FORMAT = "dwarf-with-dsym";
				ENABLE_BITCODE = NO;
				ENABLE_NS_ASSERTIONS = NO;
				ENABLE_STRICT_OBJC_MSGSEND = YES;
				ENABLE_TESTING_SEARCH_PATHS = YES;
				GCC_C_LANGUAGE_STANDARD = gnu11;
				GCC_NO_COMMON_BLOCKS = YES;
				GCC_WARN_64_TO_32_BIT_CONVERSION = YES;
				GCC_WARN_ABOUT_RETURN_TYPE = YES_ERROR;
				GCC_WARN_UNDECLARED_SELECTOR = YES;
				GCC_WARN_UNINITIALIZED_AUTOS = YES_AGGRESSIVE;
				GCC_WARN_UNUSED_FUNCTION = YES;
				GCC_WARN_UNUSED_VARIABLE = YES;
				IPHONEOS_DEPLOYMENT_TARGET = 10.0;
				MTL_ENABLE_DEBUG_INFO = NO;
				SDKROOT = iphoneos;
				SWIFT_COMPILATION_MODE = wholemodule;
				SWIFT_OPTIMIZATION_LEVEL = "-O";
				SWIFT_VERSION = 5.0;
				VALIDATE_PRODUCT = YES;
				VERSIONING_SYSTEM = "apple-generic";
				VERSION_INFO_PREFIX = "";
			};
			name = AppStore;
		};
		30E53A7220338AB800EAE5EF /* AppStore */ = {
			isa = XCBuildConfiguration;
			buildSettings = {
				CLANG_ENABLE_MODULES = YES;
				CODE_SIGN_IDENTITY = "";
				"CODE_SIGN_IDENTITY[sdk=iphoneos*]" = "iPhone Developer";
				CODE_SIGN_STYLE = Manual;
				DEFINES_MODULE = YES;
				DEVELOPMENT_TEAM = "";
				DYLIB_COMPATIBILITY_VERSION = 1;
				DYLIB_CURRENT_VERSION = 1;
				DYLIB_INSTALL_NAME_BASE = "@rpath";
				ENABLE_BITCODE = NO;
				FRAMEWORK_SEARCH_PATHS = (
					"$(inherited)",
					"$(PROJECT_DIR)/Carthage/Build",
					"$(PLATFORM_DIR)/Developer/Library/Frameworks",
				);
				INFOPLIST_FILE = YooMoneyTestInstrumentsApi/Info.plist;
				INSTALL_PATH = "$(LOCAL_LIBRARY_DIR)/Frameworks";
				LD_RUNPATH_SEARCH_PATHS = (
					"$(inherited)",
					"@executable_path/Frameworks",
					"@loader_path/Frameworks",
				);
				PRODUCT_BUNDLE_IDENTIFIER = ru.yoo.money.api.testInstruments;
				PRODUCT_NAME = "$(TARGET_NAME:c99extidentifier)";
				PROVISIONING_PROFILE_SPECIFIER = "";
				"PROVISIONING_PROFILE_SPECIFIER[sdk=macosx*]" = "";
				SKIP_INSTALL = NO;
				SWIFT_VERSION = 5.0;
				TARGETED_DEVICE_FAMILY = "1,2";
			};
			name = AppStore;
		};
		30E53AA420338C4200EAE5EF /* Debug */ = {
			isa = XCBuildConfiguration;
			buildSettings = {
				ASSETCATALOG_COMPILER_APPICON_NAME = AppIcon;
				CODE_SIGN_IDENTITY = "";
				"CODE_SIGN_IDENTITY[sdk=iphoneos*]" = "iPhone Developer";
				CODE_SIGN_STYLE = Manual;
				DEVELOPMENT_TEAM = "";
				ENABLE_BITCODE = NO;
				FRAMEWORK_SEARCH_PATHS = (
					"$(inherited)",
					"$(PROJECT_DIR)/Carthage/Build",
				);
				INFOPLIST_FILE = "$(SRCROOT)/YooMoneyTestInstrumentsApiExample/CarthageInfo.plist";
				LD_RUNPATH_SEARCH_PATHS = (
					"$(inherited)",
					"@executable_path/Frameworks",
				);
				PRODUCT_BUNDLE_IDENTIFIER = ru.yoo.money.api.carthage;
				PRODUCT_NAME = "$(TARGET_NAME)";
				PROVISIONING_PROFILE_SPECIFIER = "";
				SWIFT_VERSION = 5.0;
				TARGETED_DEVICE_FAMILY = "1,2";
			};
			name = Debug;
		};
		30E53AA520338C4200EAE5EF /* AdHoc */ = {
			isa = XCBuildConfiguration;
			buildSettings = {
				ALWAYS_SEARCH_USER_PATHS = NO;
				ASSETCATALOG_COMPILER_APPICON_NAME = AppIcon;
				CLANG_ANALYZER_NONNULL = YES;
				CLANG_ANALYZER_NUMBER_OBJECT_CONVERSION = YES_AGGRESSIVE;
				CLANG_CXX_LANGUAGE_STANDARD = "gnu++14";
				CLANG_CXX_LIBRARY = "libc++";
				CLANG_ENABLE_MODULES = YES;
				CLANG_ENABLE_OBJC_ARC = YES;
				CLANG_WARN_BLOCK_CAPTURE_AUTORELEASING = YES;
				CLANG_WARN_BOOL_CONVERSION = YES;
				CLANG_WARN_COMMA = YES;
				CLANG_WARN_CONSTANT_CONVERSION = YES;
				CLANG_WARN_DIRECT_OBJC_ISA_USAGE = YES_ERROR;
				CLANG_WARN_DOCUMENTATION_COMMENTS = YES;
				CLANG_WARN_EMPTY_BODY = YES;
				CLANG_WARN_ENUM_CONVERSION = YES;
				CLANG_WARN_INFINITE_RECURSION = YES;
				CLANG_WARN_INT_CONVERSION = YES;
				CLANG_WARN_NON_LITERAL_NULL_CONVERSION = YES;
				CLANG_WARN_OBJC_LITERAL_CONVERSION = YES;
				CLANG_WARN_OBJC_ROOT_CLASS = YES_ERROR;
				CLANG_WARN_RANGE_LOOP_ANALYSIS = YES;
				CLANG_WARN_STRICT_PROTOTYPES = YES;
				CLANG_WARN_SUSPICIOUS_MOVE = YES;
				CLANG_WARN_UNGUARDED_AVAILABILITY = YES_AGGRESSIVE;
				CLANG_WARN_UNREACHABLE_CODE = YES;
				CLANG_WARN__DUPLICATE_METHOD_MATCH = YES;
				CODE_SIGN_IDENTITY = "iPhone Distribution";
				CODE_SIGN_STYLE = Manual;
				COPY_PHASE_STRIP = NO;
				DEBUG_INFORMATION_FORMAT = "dwarf-with-dsym";
				DEVELOPMENT_TEAM = 2752592HU5;
				ENABLE_BITCODE = NO;
				ENABLE_NS_ASSERTIONS = NO;
				ENABLE_STRICT_OBJC_MSGSEND = YES;
				FRAMEWORK_SEARCH_PATHS = (
					"$(inherited)",
					"$(PROJECT_DIR)/Carthage/Build",
				);
				GCC_C_LANGUAGE_STANDARD = gnu11;
				GCC_NO_COMMON_BLOCKS = YES;
				GCC_WARN_64_TO_32_BIT_CONVERSION = YES;
				GCC_WARN_ABOUT_RETURN_TYPE = YES_ERROR;
				GCC_WARN_UNDECLARED_SELECTOR = YES;
				GCC_WARN_UNINITIALIZED_AUTOS = YES_AGGRESSIVE;
				GCC_WARN_UNUSED_FUNCTION = YES;
				GCC_WARN_UNUSED_VARIABLE = YES;
				INFOPLIST_FILE = "$(SRCROOT)/YooMoneyTestInstrumentsApiExample/CarthageInfo.plist";
				LD_RUNPATH_SEARCH_PATHS = (
					"$(inherited)",
					"@executable_path/Frameworks",
				);
				MTL_ENABLE_DEBUG_INFO = NO;
				PRODUCT_BUNDLE_IDENTIFIER = ru.yoo.money.api.carthage;
				PRODUCT_NAME = "$(TARGET_NAME)";
				PROVISIONING_PROFILE = "";
				PROVISIONING_PROFILE_SPECIFIER = "Yoo Wild";
				SDKROOT = iphoneos;
				SWIFT_COMPILATION_MODE = wholemodule;
				SWIFT_OPTIMIZATION_LEVEL = "-O";
				SWIFT_VERSION = 5.0;
				TARGETED_DEVICE_FAMILY = "1,2";
				VALIDATE_PRODUCT = YES;
			};
			name = AdHoc;
		};
		30E53AA620338C4200EAE5EF /* AppStore */ = {
			isa = XCBuildConfiguration;
			buildSettings = {
				ALWAYS_SEARCH_USER_PATHS = NO;
				ASSETCATALOG_COMPILER_APPICON_NAME = AppIcon;
				CLANG_ANALYZER_NONNULL = YES;
				CLANG_ANALYZER_NUMBER_OBJECT_CONVERSION = YES_AGGRESSIVE;
				CLANG_CXX_LANGUAGE_STANDARD = "gnu++14";
				CLANG_CXX_LIBRARY = "libc++";
				CLANG_ENABLE_MODULES = YES;
				CLANG_ENABLE_OBJC_ARC = YES;
				CLANG_WARN_BLOCK_CAPTURE_AUTORELEASING = YES;
				CLANG_WARN_BOOL_CONVERSION = YES;
				CLANG_WARN_COMMA = YES;
				CLANG_WARN_CONSTANT_CONVERSION = YES;
				CLANG_WARN_DIRECT_OBJC_ISA_USAGE = YES_ERROR;
				CLANG_WARN_DOCUMENTATION_COMMENTS = YES;
				CLANG_WARN_EMPTY_BODY = YES;
				CLANG_WARN_ENUM_CONVERSION = YES;
				CLANG_WARN_INFINITE_RECURSION = YES;
				CLANG_WARN_INT_CONVERSION = YES;
				CLANG_WARN_NON_LITERAL_NULL_CONVERSION = YES;
				CLANG_WARN_OBJC_LITERAL_CONVERSION = YES;
				CLANG_WARN_OBJC_ROOT_CLASS = YES_ERROR;
				CLANG_WARN_RANGE_LOOP_ANALYSIS = YES;
				CLANG_WARN_STRICT_PROTOTYPES = YES;
				CLANG_WARN_SUSPICIOUS_MOVE = YES;
				CLANG_WARN_UNGUARDED_AVAILABILITY = YES_AGGRESSIVE;
				CLANG_WARN_UNREACHABLE_CODE = YES;
				CLANG_WARN__DUPLICATE_METHOD_MATCH = YES;
				CODE_SIGN_IDENTITY = "";
				"CODE_SIGN_IDENTITY[sdk=iphoneos*]" = "iPhone Developer";
				CODE_SIGN_STYLE = Manual;
				COPY_PHASE_STRIP = NO;
				DEBUG_INFORMATION_FORMAT = "dwarf-with-dsym";
				DEVELOPMENT_TEAM = "";
				ENABLE_BITCODE = NO;
				ENABLE_NS_ASSERTIONS = NO;
				ENABLE_STRICT_OBJC_MSGSEND = YES;
				FRAMEWORK_SEARCH_PATHS = (
					"$(inherited)",
					"$(PROJECT_DIR)/Carthage/Build",
				);
				GCC_C_LANGUAGE_STANDARD = gnu11;
				GCC_NO_COMMON_BLOCKS = YES;
				GCC_WARN_64_TO_32_BIT_CONVERSION = YES;
				GCC_WARN_ABOUT_RETURN_TYPE = YES_ERROR;
				GCC_WARN_UNDECLARED_SELECTOR = YES;
				GCC_WARN_UNINITIALIZED_AUTOS = YES_AGGRESSIVE;
				GCC_WARN_UNUSED_FUNCTION = YES;
				GCC_WARN_UNUSED_VARIABLE = YES;
				INFOPLIST_FILE = "$(SRCROOT)/YooMoneyTestInstrumentsApiExample/CarthageInfo.plist";
				LD_RUNPATH_SEARCH_PATHS = (
					"$(inherited)",
					"@executable_path/Frameworks",
				);
				MTL_ENABLE_DEBUG_INFO = NO;
				PRODUCT_BUNDLE_IDENTIFIER = ru.yoo.money.api.carthage;
				PRODUCT_NAME = "$(TARGET_NAME)";
				PROVISIONING_PROFILE_SPECIFIER = "";
				SDKROOT = iphoneos;
				SWIFT_COMPILATION_MODE = wholemodule;
				SWIFT_OPTIMIZATION_LEVEL = "-O";
				SWIFT_VERSION = 5.0;
				TARGETED_DEVICE_FAMILY = "1,2";
				VALIDATE_PRODUCT = YES;
			};
			name = AppStore;
		};
		3AB2FCB926A82D0400A69DCD /* Debug */ = {
			isa = XCBuildConfiguration;
			buildSettings = {
				COPY_PHASE_STRIP = NO;
				GCC_DYNAMIC_NO_PIC = NO;
				GCC_OPTIMIZATION_LEVEL = 0;
				INFOPLIST_FILE = YooMoneyTestInstrumentsApiTests/Info.plist;
				PRODUCT_NAME = YooMoneyTestInstrumentsApiTests;
			};
			name = Debug;
		};
		3AB2FCBA26A82D0400A69DCD /* AdHoc */ = {
			isa = XCBuildConfiguration;
			buildSettings = {
				CODE_SIGN_IDENTITY = "iPhone Distribution";
				DEVELOPMENT_TEAM = 2752592HU5;
				INFOPLIST_FILE = YooMoneyTestInstrumentsApiTests/Info.plist;
				PRODUCT_NAME = YooMoneyTestInstrumentsApiTests;
				PROVISIONING_PROFILE = "";
			};
			name = AdHoc;
		};
		3AB2FCBB26A82D0400A69DCD /* AppStore */ = {
			isa = XCBuildConfiguration;
			buildSettings = {
				INFOPLIST_FILE = YooMoneyTestInstrumentsApiTests/Info.plist;
				PRODUCT_NAME = YooMoneyTestInstrumentsApiTests;
			};
			name = AppStore;
		};
/* End XCBuildConfiguration section */

/* Begin XCConfigurationList section */
		30E53A6020338A4F00EAE5EF /* Build configuration list for PBXProject "YooMoneyTestInstrumentsApi" */ = {
			isa = XCConfigurationList;
			buildConfigurations = (
				30E53A6C20338A4F00EAE5EF /* Debug */,
				30E53A6D20338A4F00EAE5EF /* AdHoc */,
				30E53A7120338AB800EAE5EF /* AppStore */,
			);
			defaultConfigurationIsVisible = 0;
			defaultConfigurationName = AdHoc;
		};
		30E53A6E20338A4F00EAE5EF /* Build configuration list for PBXNativeTarget "YooMoneyTestInstrumentsApi" */ = {
			isa = XCConfigurationList;
			buildConfigurations = (
				30E53A6F20338A4F00EAE5EF /* Debug */,
				30E53A7020338A4F00EAE5EF /* AdHoc */,
				30E53A7220338AB800EAE5EF /* AppStore */,
			);
			defaultConfigurationIsVisible = 0;
			defaultConfigurationName = AdHoc;
		};
		30E53A7F20338BF500EAE5EF /* Build configuration list for PBXNativeTarget "YooMoneyTestInstrumentsApiTests" */ = {
			isa = XCConfigurationList;
			buildConfigurations = (
				3AB2FCB926A82D0400A69DCD /* Debug */,
				3AB2FCBA26A82D0400A69DCD /* AdHoc */,
				3AB2FCBB26A82D0400A69DCD /* AppStore */,
			);
			defaultConfigurationIsVisible = 0;
			defaultConfigurationName = AdHoc;
		};
		30E53AA320338C4200EAE5EF /* Build configuration list for PBXNativeTarget "YooMoneyTestInstrumentsApiExampleCarthage" */ = {
			isa = XCConfigurationList;
			buildConfigurations = (
				30E53AA420338C4200EAE5EF /* Debug */,
				30E53AA520338C4200EAE5EF /* AdHoc */,
				30E53AA620338C4200EAE5EF /* AppStore */,
			);
			defaultConfigurationIsVisible = 0;
			defaultConfigurationName = AdHoc;
		};
/* End XCConfigurationList section */
	};
	rootObject = 30E53A5D20338A4F00EAE5EF /* Project object */;
}
